// !$*UTF8*$!
{
	archiveVersion = 1;
	classes = {
	};
	objectVersion = 50;
	objects = {

/* Begin PBXBuildFile section */
		261747A526837624000B2F11 /* Playlist.swift in Sources */ = {isa = PBXBuildFile; fileRef = 261747A326837624000B2F11 /* Playlist.swift */; };
		261747A626837624000B2F11 /* Playlist.swift in Sources */ = {isa = PBXBuildFile; fileRef = 261747A326837624000B2F11 /* Playlist.swift */; };
		261747A726837624000B2F11 /* Song.swift in Sources */ = {isa = PBXBuildFile; fileRef = 261747A426837624000B2F11 /* Song.swift */; };
		261747A826837624000B2F11 /* Song.swift in Sources */ = {isa = PBXBuildFile; fileRef = 261747A426837624000B2F11 /* Song.swift */; };
		261747AE26837661000B2F11 /* VeraMono.ttf in Resources */ = {isa = PBXBuildFile; fileRef = 261747AD26837661000B2F11 /* VeraMono.ttf */; };
		261747AF26837661000B2F11 /* VeraMono.ttf in Resources */ = {isa = PBXBuildFile; fileRef = 261747AD26837661000B2F11 /* VeraMono.ttf */; };
		261747B526837776000B2F11 /* KeyEventHandling.swift in Sources */ = {isa = PBXBuildFile; fileRef = 261747B326837776000B2F11 /* KeyEventHandling.swift */; };
		261747C526837BA8000B2F11 /* ContentView.swift in Sources */ = {isa = PBXBuildFile; fileRef = 261747BF26837B19000B2F11 /* ContentView.swift */; };
		2633300B27BA405600571FAD /* PlaylistDropDelegate.swift in Sources */ = {isa = PBXBuildFile; fileRef = 2633300A27BA405600571FAD /* PlaylistDropDelegate.swift */; };
		2633300C27BA405600571FAD /* PlaylistDropDelegate.swift in Sources */ = {isa = PBXBuildFile; fileRef = 2633300A27BA405600571FAD /* PlaylistDropDelegate.swift */; };
		26638F9E268381BB0049866C /* SongListItem.swift in Sources */ = {isa = PBXBuildFile; fileRef = 26638F9D268381BB0049866C /* SongListItem.swift */; };
		26638FA0268381C80049866C /* SongView.swift in Sources */ = {isa = PBXBuildFile; fileRef = 26638F9F268381C80049866C /* SongView.swift */; };
		26638FA5268382CF0049866C /* PlaylistHolder.swift in Sources */ = {isa = PBXBuildFile; fileRef = 26638FA4268382CF0049866C /* PlaylistHolder.swift */; };
		26638FA6268382CF0049866C /* PlaylistHolder.swift in Sources */ = {isa = PBXBuildFile; fileRef = 26638FA4268382CF0049866C /* PlaylistHolder.swift */; };
		26638FA726838B3D0049866C /* ContentView.swift in Sources */ = {isa = PBXBuildFile; fileRef = 261747BF26837B19000B2F11 /* ContentView.swift */; };
		26638FA826838BED0049866C /* SongListItem.swift in Sources */ = {isa = PBXBuildFile; fileRef = 26638F9D268381BB0049866C /* SongListItem.swift */; };
		26638FA926838C820049866C /* SongView.swift in Sources */ = {isa = PBXBuildFile; fileRef = 26638F9F268381C80049866C /* SongView.swift */; };
		269DA8C22683747F009B9647 /* AgapeSongsApp.swift in Sources */ = {isa = PBXBuildFile; fileRef = 269DA8AF2683747B009B9647 /* AgapeSongsApp.swift */; };
		269DA8C32683747F009B9647 /* AgapeSongsApp.swift in Sources */ = {isa = PBXBuildFile; fileRef = 269DA8AF2683747B009B9647 /* AgapeSongsApp.swift */; };
		269DA8C62683747F009B9647 /* Assets.xcassets in Resources */ = {isa = PBXBuildFile; fileRef = 269DA8B12683747E009B9647 /* Assets.xcassets */; };
		269DA8C72683747F009B9647 /* Assets.xcassets in Resources */ = {isa = PBXBuildFile; fileRef = 269DA8B12683747E009B9647 /* Assets.xcassets */; };
		26A6620D269317BC00A0415E /* LeftMenu.swift in Sources */ = {isa = PBXBuildFile; fileRef = 26A6620C269317BC00A0415E /* LeftMenu.swift */; };
		26A6620E269317BC00A0415E /* LeftMenu.swift in Sources */ = {isa = PBXBuildFile; fileRef = 26A6620C269317BC00A0415E /* LeftMenu.swift */; };
/* End PBXBuildFile section */

/* Begin PBXFileReference section */
		261747A326837624000B2F11 /* Playlist.swift */ = {isa = PBXFileReference; fileEncoding = 4; lastKnownFileType = sourcecode.swift; path = Playlist.swift; sourceTree = "<group>"; };
		261747A426837624000B2F11 /* Song.swift */ = {isa = PBXFileReference; fileEncoding = 4; lastKnownFileType = sourcecode.swift; path = Song.swift; sourceTree = "<group>"; };
		261747AD26837661000B2F11 /* VeraMono.ttf */ = {isa = PBXFileReference; lastKnownFileType = file; path = VeraMono.ttf; sourceTree = "<group>"; };
		261747B326837776000B2F11 /* KeyEventHandling.swift */ = {isa = PBXFileReference; lastKnownFileType = sourcecode.swift; path = KeyEventHandling.swift; sourceTree = "<group>"; };
		261747BF26837B19000B2F11 /* ContentView.swift */ = {isa = PBXFileReference; fileEncoding = 4; lastKnownFileType = sourcecode.swift; path = ContentView.swift; sourceTree = "<group>"; };
		2633300A27BA405600571FAD /* PlaylistDropDelegate.swift */ = {isa = PBXFileReference; lastKnownFileType = sourcecode.swift; path = PlaylistDropDelegate.swift; sourceTree = "<group>"; };
		26638F9D268381BB0049866C /* SongListItem.swift */ = {isa = PBXFileReference; lastKnownFileType = sourcecode.swift; path = SongListItem.swift; sourceTree = "<group>"; };
		26638F9F268381C80049866C /* SongView.swift */ = {isa = PBXFileReference; lastKnownFileType = sourcecode.swift; path = SongView.swift; sourceTree = "<group>"; };
		26638FA4268382CF0049866C /* PlaylistHolder.swift */ = {isa = PBXFileReference; lastKnownFileType = sourcecode.swift; path = PlaylistHolder.swift; sourceTree = "<group>"; };
		269DA8AF2683747B009B9647 /* AgapeSongsApp.swift */ = {isa = PBXFileReference; lastKnownFileType = sourcecode.swift; path = AgapeSongsApp.swift; sourceTree = "<group>"; };
		269DA8B12683747E009B9647 /* Assets.xcassets */ = {isa = PBXFileReference; lastKnownFileType = folder.assetcatalog; path = Assets.xcassets; sourceTree = "<group>"; };
		269DA8B62683747F009B9647 /* AgapeSongs.app */ = {isa = PBXFileReference; explicitFileType = wrapper.application; includeInIndex = 0; path = AgapeSongs.app; sourceTree = BUILT_PRODUCTS_DIR; };
		269DA8B92683747F009B9647 /* Info.plist */ = {isa = PBXFileReference; lastKnownFileType = text.plist.xml; path = Info.plist; sourceTree = "<group>"; };
		269DA8BE2683747F009B9647 /* AgapeSongs.app */ = {isa = PBXFileReference; explicitFileType = wrapper.application; includeInIndex = 0; path = AgapeSongs.app; sourceTree = BUILT_PRODUCTS_DIR; };
		269DA8C02683747F009B9647 /* Info.plist */ = {isa = PBXFileReference; lastKnownFileType = text.plist.xml; path = Info.plist; sourceTree = "<group>"; };
		269DA8C12683747F009B9647 /* macOS.entitlements */ = {isa = PBXFileReference; lastKnownFileType = text.plist.entitlements; path = macOS.entitlements; sourceTree = "<group>"; };
		26A6620C269317BC00A0415E /* LeftMenu.swift */ = {isa = PBXFileReference; lastKnownFileType = sourcecode.swift; path = LeftMenu.swift; sourceTree = "<group>"; };
/* End PBXFileReference section */

/* Begin PBXFrameworksBuildPhase section */
		269DA8B32683747F009B9647 /* Frameworks */ = {
			isa = PBXFrameworksBuildPhase;
			buildActionMask = 2147483647;
			files = (
			);
			runOnlyForDeploymentPostprocessing = 0;
		};
		269DA8BB2683747F009B9647 /* Frameworks */ = {
			isa = PBXFrameworksBuildPhase;
			buildActionMask = 2147483647;
			files = (
			);
			runOnlyForDeploymentPostprocessing = 0;
		};
/* End PBXFrameworksBuildPhase section */

/* Begin PBXGroup section */
		261747A226837612000B2F11 /* model */ = {
			isa = PBXGroup;
			children = (
				261747A326837624000B2F11 /* Playlist.swift */,
				261747A426837624000B2F11 /* Song.swift */,
				26638FA4268382CF0049866C /* PlaylistHolder.swift */,
			);
			path = model;
			sourceTree = "<group>";
		};
		261747AC26837655000B2F11 /* fonts */ = {
			isa = PBXGroup;
			children = (
				261747AD26837661000B2F11 /* VeraMono.ttf */,
			);
			path = fonts;
			sourceTree = "<group>";
		};
		261747B6268377FA000B2F11 /* ui */ = {
			isa = PBXGroup;
			children = (
				261747BF26837B19000B2F11 /* ContentView.swift */,
				26638F9D268381BB0049866C /* SongListItem.swift */,
				26638F9F268381C80049866C /* SongView.swift */,
				26A6620C269317BC00A0415E /* LeftMenu.swift */,
				2633300A27BA405600571FAD /* PlaylistDropDelegate.swift */,
			);
			path = ui;
			sourceTree = "<group>";
		};
		269DA8A92683747B009B9647 = {
			isa = PBXGroup;
			children = (
				269DA8AE2683747B009B9647 /* Shared */,
				269DA8B82683747F009B9647 /* iOS */,
				269DA8BF2683747F009B9647 /* macOS */,
				269DA8B72683747F009B9647 /* Products */,
			);
			sourceTree = "<group>";
		};
		269DA8AE2683747B009B9647 /* Shared */ = {
			isa = PBXGroup;
			children = (
				261747AC26837655000B2F11 /* fonts */,
				261747A226837612000B2F11 /* model */,
				261747B6268377FA000B2F11 /* ui */,
				269DA8AF2683747B009B9647 /* AgapeSongsApp.swift */,
				269DA8B12683747E009B9647 /* Assets.xcassets */,
			);
			path = Shared;
			sourceTree = "<group>";
		};
		269DA8B72683747F009B9647 /* Products */ = {
			isa = PBXGroup;
			children = (
				269DA8B62683747F009B9647 /* AgapeSongs.app */,
				269DA8BE2683747F009B9647 /* AgapeSongs.app */,
			);
			name = Products;
			sourceTree = "<group>";
		};
		269DA8B82683747F009B9647 /* iOS */ = {
			isa = PBXGroup;
			children = (
				269DA8B92683747F009B9647 /* Info.plist */,
			);
			path = iOS;
			sourceTree = "<group>";
		};
		269DA8BF2683747F009B9647 /* macOS */ = {
			isa = PBXGroup;
			children = (
				269DA8C02683747F009B9647 /* Info.plist */,
				269DA8C12683747F009B9647 /* macOS.entitlements */,
				261747B326837776000B2F11 /* KeyEventHandling.swift */,
			);
			path = macOS;
			sourceTree = "<group>";
		};
/* End PBXGroup section */

/* Begin PBXNativeTarget section */
		269DA8B52683747F009B9647 /* AgapeSongs (iOS) */ = {
			isa = PBXNativeTarget;
			buildConfigurationList = 269DA8CA2683747F009B9647 /* Build configuration list for PBXNativeTarget "AgapeSongs (iOS)" */;
			buildPhases = (
				269DA8B22683747F009B9647 /* Sources */,
				269DA8B32683747F009B9647 /* Frameworks */,
				269DA8B42683747F009B9647 /* Resources */,
			);
			buildRules = (
			);
			dependencies = (
			);
			name = "AgapeSongs (iOS)";
			productName = "AgapeSongs (iOS)";
			productReference = 269DA8B62683747F009B9647 /* AgapeSongs.app */;
			productType = "com.apple.product-type.application";
		};
		269DA8BD2683747F009B9647 /* AgapeSongs (macOS) */ = {
			isa = PBXNativeTarget;
			buildConfigurationList = 269DA8CD2683747F009B9647 /* Build configuration list for PBXNativeTarget "AgapeSongs (macOS)" */;
			buildPhases = (
				269DA8BA2683747F009B9647 /* Sources */,
				269DA8BB2683747F009B9647 /* Frameworks */,
				269DA8BC2683747F009B9647 /* Resources */,
			);
			buildRules = (
			);
			dependencies = (
			);
			name = "AgapeSongs (macOS)";
			productName = "AgapeSongs (macOS)";
			productReference = 269DA8BE2683747F009B9647 /* AgapeSongs.app */;
			productType = "com.apple.product-type.application";
		};
/* End PBXNativeTarget section */

/* Begin PBXProject section */
		269DA8AA2683747B009B9647 /* Project object */ = {
			isa = PBXProject;
			attributes = {
				LastSwiftUpdateCheck = 1250;
				LastUpgradeCheck = 1300;
				TargetAttributes = {
					269DA8B52683747F009B9647 = {
						CreatedOnToolsVersion = 12.5;
					};
					269DA8BD2683747F009B9647 = {
						CreatedOnToolsVersion = 12.5;
					};
				};
			};
			buildConfigurationList = 269DA8AD2683747B009B9647 /* Build configuration list for PBXProject "AgapeSongs" */;
			compatibilityVersion = "Xcode 9.3";
			developmentRegion = en;
			hasScannedForEncodings = 0;
			knownRegions = (
				en,
				Base,
			);
			mainGroup = 269DA8A92683747B009B9647;
			productRefGroup = 269DA8B72683747F009B9647 /* Products */;
			projectDirPath = "";
			projectRoot = "";
			targets = (
				269DA8B52683747F009B9647 /* AgapeSongs (iOS) */,
				269DA8BD2683747F009B9647 /* AgapeSongs (macOS) */,
			);
		};
/* End PBXProject section */

/* Begin PBXResourcesBuildPhase section */
		269DA8B42683747F009B9647 /* Resources */ = {
			isa = PBXResourcesBuildPhase;
			buildActionMask = 2147483647;
			files = (
				269DA8C62683747F009B9647 /* Assets.xcassets in Resources */,
				261747AE26837661000B2F11 /* VeraMono.ttf in Resources */,
			);
			runOnlyForDeploymentPostprocessing = 0;
		};
		269DA8BC2683747F009B9647 /* Resources */ = {
			isa = PBXResourcesBuildPhase;
			buildActionMask = 2147483647;
			files = (
				269DA8C72683747F009B9647 /* Assets.xcassets in Resources */,
				261747AF26837661000B2F11 /* VeraMono.ttf in Resources */,
			);
			runOnlyForDeploymentPostprocessing = 0;
		};
/* End PBXResourcesBuildPhase section */

/* Begin PBXSourcesBuildPhase section */
		269DA8B22683747F009B9647 /* Sources */ = {
			isa = PBXSourcesBuildPhase;
			buildActionMask = 2147483647;
			files = (
				261747A726837624000B2F11 /* Song.swift in Sources */,
				26A6620D269317BC00A0415E /* LeftMenu.swift in Sources */,
				261747C526837BA8000B2F11 /* ContentView.swift in Sources */,
				269DA8C22683747F009B9647 /* AgapeSongsApp.swift in Sources */,
				26638FA0268381C80049866C /* SongView.swift in Sources */,
				26638F9E268381BB0049866C /* SongListItem.swift in Sources */,
				261747A526837624000B2F11 /* Playlist.swift in Sources */,
				26638FA5268382CF0049866C /* PlaylistHolder.swift in Sources */,
				2633300B27BA405600571FAD /* PlaylistDropDelegate.swift in Sources */,
			);
			runOnlyForDeploymentPostprocessing = 0;
		};
		269DA8BA2683747F009B9647 /* Sources */ = {
			isa = PBXSourcesBuildPhase;
			buildActionMask = 2147483647;
			files = (
				26638FA926838C820049866C /* SongView.swift in Sources */,
				261747A826837624000B2F11 /* Song.swift in Sources */,
				269DA8C32683747F009B9647 /* AgapeSongsApp.swift in Sources */,
				26638FA826838BED0049866C /* SongListItem.swift in Sources */,
				26638FA726838B3D0049866C /* ContentView.swift in Sources */,
				26A6620E269317BC00A0415E /* LeftMenu.swift in Sources */,
				261747A626837624000B2F11 /* Playlist.swift in Sources */,
				26638FA6268382CF0049866C /* PlaylistHolder.swift in Sources */,
				261747B526837776000B2F11 /* KeyEventHandling.swift in Sources */,
				2633300C27BA405600571FAD /* PlaylistDropDelegate.swift in Sources */,
			);
			runOnlyForDeploymentPostprocessing = 0;
		};
/* End PBXSourcesBuildPhase section */

/* Begin XCBuildConfiguration section */
		269DA8C82683747F009B9647 /* Debug */ = {
			isa = XCBuildConfiguration;
			buildSettings = {
				ALWAYS_SEARCH_USER_PATHS = NO;
				CLANG_ANALYZER_NONNULL = YES;
				CLANG_ANALYZER_NUMBER_OBJECT_CONVERSION = YES_AGGRESSIVE;
				CLANG_CXX_LANGUAGE_STANDARD = "gnu++14";
				CLANG_CXX_LIBRARY = "libc++";
				CLANG_ENABLE_MODULES = YES;
				CLANG_ENABLE_OBJC_ARC = YES;
				CLANG_ENABLE_OBJC_WEAK = YES;
				CLANG_WARN_BLOCK_CAPTURE_AUTORELEASING = YES;
				CLANG_WARN_BOOL_CONVERSION = YES;
				CLANG_WARN_COMMA = YES;
				CLANG_WARN_CONSTANT_CONVERSION = YES;
				CLANG_WARN_DEPRECATED_OBJC_IMPLEMENTATIONS = YES;
				CLANG_WARN_DIRECT_OBJC_ISA_USAGE = YES_ERROR;
				CLANG_WARN_DOCUMENTATION_COMMENTS = YES;
				CLANG_WARN_EMPTY_BODY = YES;
				CLANG_WARN_ENUM_CONVERSION = YES;
				CLANG_WARN_INFINITE_RECURSION = YES;
				CLANG_WARN_INT_CONVERSION = YES;
				CLANG_WARN_NON_LITERAL_NULL_CONVERSION = YES;
				CLANG_WARN_OBJC_IMPLICIT_RETAIN_SELF = YES;
				CLANG_WARN_OBJC_LITERAL_CONVERSION = YES;
				CLANG_WARN_OBJC_ROOT_CLASS = YES_ERROR;
				CLANG_WARN_QUOTED_INCLUDE_IN_FRAMEWORK_HEADER = YES;
				CLANG_WARN_RANGE_LOOP_ANALYSIS = YES;
				CLANG_WARN_STRICT_PROTOTYPES = YES;
				CLANG_WARN_SUSPICIOUS_MOVE = YES;
				CLANG_WARN_UNGUARDED_AVAILABILITY = YES_AGGRESSIVE;
				CLANG_WARN_UNREACHABLE_CODE = YES;
				CLANG_WARN__DUPLICATE_METHOD_MATCH = YES;
				COPY_PHASE_STRIP = NO;
				DEBUG_INFORMATION_FORMAT = dwarf;
				ENABLE_STRICT_OBJC_MSGSEND = YES;
				ENABLE_TESTABILITY = YES;
				GCC_C_LANGUAGE_STANDARD = gnu11;
				GCC_DYNAMIC_NO_PIC = NO;
				GCC_NO_COMMON_BLOCKS = YES;
				GCC_OPTIMIZATION_LEVEL = 0;
				GCC_PREPROCESSOR_DEFINITIONS = (
					"DEBUG=1",
					"$(inherited)",
				);
				GCC_WARN_64_TO_32_BIT_CONVERSION = YES;
				GCC_WARN_ABOUT_RETURN_TYPE = YES_ERROR;
				GCC_WARN_UNDECLARED_SELECTOR = YES;
				GCC_WARN_UNINITIALIZED_AUTOS = YES_AGGRESSIVE;
				GCC_WARN_UNUSED_FUNCTION = YES;
				GCC_WARN_UNUSED_VARIABLE = YES;
				MTL_ENABLE_DEBUG_INFO = INCLUDE_SOURCE;
				MTL_FAST_MATH = YES;
				ONLY_ACTIVE_ARCH = YES;
				SWIFT_ACTIVE_COMPILATION_CONDITIONS = DEBUG;
				SWIFT_OPTIMIZATION_LEVEL = "-Onone";
			};
			name = Debug;
		};
		269DA8C92683747F009B9647 /* Release */ = {
			isa = XCBuildConfiguration;
			buildSettings = {
				ALWAYS_SEARCH_USER_PATHS = NO;
				CLANG_ANALYZER_NONNULL = YES;
				CLANG_ANALYZER_NUMBER_OBJECT_CONVERSION = YES_AGGRESSIVE;
				CLANG_CXX_LANGUAGE_STANDARD = "gnu++14";
				CLANG_CXX_LIBRARY = "libc++";
				CLANG_ENABLE_MODULES = YES;
				CLANG_ENABLE_OBJC_ARC = YES;
				CLANG_ENABLE_OBJC_WEAK = YES;
				CLANG_WARN_BLOCK_CAPTURE_AUTORELEASING = YES;
				CLANG_WARN_BOOL_CONVERSION = YES;
				CLANG_WARN_COMMA = YES;
				CLANG_WARN_CONSTANT_CONVERSION = YES;
				CLANG_WARN_DEPRECATED_OBJC_IMPLEMENTATIONS = YES;
				CLANG_WARN_DIRECT_OBJC_ISA_USAGE = YES_ERROR;
				CLANG_WARN_DOCUMENTATION_COMMENTS = YES;
				CLANG_WARN_EMPTY_BODY = YES;
				CLANG_WARN_ENUM_CONVERSION = YES;
				CLANG_WARN_INFINITE_RECURSION = YES;
				CLANG_WARN_INT_CONVERSION = YES;
				CLANG_WARN_NON_LITERAL_NULL_CONVERSION = YES;
				CLANG_WARN_OBJC_IMPLICIT_RETAIN_SELF = YES;
				CLANG_WARN_OBJC_LITERAL_CONVERSION = YES;
				CLANG_WARN_OBJC_ROOT_CLASS = YES_ERROR;
				CLANG_WARN_QUOTED_INCLUDE_IN_FRAMEWORK_HEADER = YES;
				CLANG_WARN_RANGE_LOOP_ANALYSIS = YES;
				CLANG_WARN_STRICT_PROTOTYPES = YES;
				CLANG_WARN_SUSPICIOUS_MOVE = YES;
				CLANG_WARN_UNGUARDED_AVAILABILITY = YES_AGGRESSIVE;
				CLANG_WARN_UNREACHABLE_CODE = YES;
				CLANG_WARN__DUPLICATE_METHOD_MATCH = YES;
				COPY_PHASE_STRIP = NO;
				DEBUG_INFORMATION_FORMAT = "dwarf-with-dsym";
				ENABLE_NS_ASSERTIONS = NO;
				ENABLE_STRICT_OBJC_MSGSEND = YES;
				GCC_C_LANGUAGE_STANDARD = gnu11;
				GCC_NO_COMMON_BLOCKS = YES;
				GCC_WARN_64_TO_32_BIT_CONVERSION = YES;
				GCC_WARN_ABOUT_RETURN_TYPE = YES_ERROR;
				GCC_WARN_UNDECLARED_SELECTOR = YES;
				GCC_WARN_UNINITIALIZED_AUTOS = YES_AGGRESSIVE;
				GCC_WARN_UNUSED_FUNCTION = YES;
				GCC_WARN_UNUSED_VARIABLE = YES;
				MTL_ENABLE_DEBUG_INFO = NO;
				MTL_FAST_MATH = YES;
				SWIFT_COMPILATION_MODE = wholemodule;
				SWIFT_OPTIMIZATION_LEVEL = "-O";
			};
			name = Release;
		};
		269DA8CB2683747F009B9647 /* Debug */ = {
			isa = XCBuildConfiguration;
			buildSettings = {
				ASSETCATALOG_COMPILER_APPICON_NAME = AppIcon;
				ASSETCATALOG_COMPILER_GLOBAL_ACCENT_COLOR_NAME = AccentColor;
				CODE_SIGN_STYLE = Automatic;
				CURRENT_PROJECT_VERSION = 6;
				DEVELOPMENT_TEAM = LK4H72N842;
				ENABLE_PREVIEWS = YES;
				INFOPLIST_FILE = iOS/Info.plist;
				IPHONEOS_DEPLOYMENT_TARGET = 14.5;
				LD_RUNPATH_SEARCH_PATHS = (
					"$(inherited)",
					"@executable_path/Frameworks",
				);
				MARKETING_VERSION = 0.1.5;
				PRODUCT_BUNDLE_IDENTIFIER = cz.cvut.fit.wrzecond.AgapeSongs;
				PRODUCT_NAME = AgapeSongs;
				SDKROOT = iphoneos;
				SWIFT_VERSION = 5.0;
				TARGETED_DEVICE_FAMILY = "1,2";
			};
			name = Debug;
		};
		269DA8CC2683747F009B9647 /* Release */ = {
			isa = XCBuildConfiguration;
			buildSettings = {
				ASSETCATALOG_COMPILER_APPICON_NAME = AppIcon;
				ASSETCATALOG_COMPILER_GLOBAL_ACCENT_COLOR_NAME = AccentColor;
				CODE_SIGN_STYLE = Automatic;
				CURRENT_PROJECT_VERSION = 6;
				DEVELOPMENT_TEAM = LK4H72N842;
				ENABLE_PREVIEWS = YES;
				INFOPLIST_FILE = iOS/Info.plist;
				IPHONEOS_DEPLOYMENT_TARGET = 14.5;
				LD_RUNPATH_SEARCH_PATHS = (
					"$(inherited)",
					"@executable_path/Frameworks",
				);
				MARKETING_VERSION = 0.1.5;
				PRODUCT_BUNDLE_IDENTIFIER = cz.cvut.fit.wrzecond.AgapeSongs;
				PRODUCT_NAME = AgapeSongs;
				SDKROOT = iphoneos;
				SWIFT_VERSION = 5.0;
				TARGETED_DEVICE_FAMILY = "1,2";
				VALIDATE_PRODUCT = YES;
			};
			name = Release;
		};
		269DA8CE2683747F009B9647 /* Debug */ = {
			isa = XCBuildConfiguration;
			buildSettings = {
				ASSETCATALOG_COMPILER_APPICON_NAME = AppIcon;
				ASSETCATALOG_COMPILER_GLOBAL_ACCENT_COLOR_NAME = AccentColor;
				CODE_SIGN_ENTITLEMENTS = macOS/macOS.entitlements;
				CODE_SIGN_IDENTITY = "Apple Development";
				CODE_SIGN_STYLE = Automatic;
				COMBINE_HIDPI_IMAGES = YES;
				CURRENT_PROJECT_VERSION = 6;
				DEVELOPMENT_TEAM = LK4H72N842;
				ENABLE_HARDENED_RUNTIME = YES;
				ENABLE_PREVIEWS = YES;
				INFOPLIST_FILE = macOS/Info.plist;
				LD_RUNPATH_SEARCH_PATHS = (
					"$(inherited)",
					"@executable_path/../Frameworks",
				);
				MACOSX_DEPLOYMENT_TARGET = 11.0;
				MARKETING_VERSION = 0.1.5;
				PRODUCT_BUNDLE_IDENTIFIER = cz.cvut.fit.wrzecond.AgapeSongs;
				PRODUCT_NAME = AgapeSongs;
				SDKROOT = macosx;
				SWIFT_VERSION = 5.0;
			};
			name = Debug;
		};
		269DA8CF2683747F009B9647 /* Release */ = {
			isa = XCBuildConfiguration;
			buildSettings = {
				ASSETCATALOG_COMPILER_APPICON_NAME = AppIcon;
				ASSETCATALOG_COMPILER_GLOBAL_ACCENT_COLOR_NAME = AccentColor;
				CODE_SIGN_ENTITLEMENTS = macOS/macOS.entitlements;
				CODE_SIGN_IDENTITY = "Apple Development";
				CODE_SIGN_STYLE = Automatic;
				COMBINE_HIDPI_IMAGES = YES;
				CURRENT_PROJECT_VERSION = 6;
				DEVELOPMENT_TEAM = LK4H72N842;
				ENABLE_HARDENED_RUNTIME = YES;
				ENABLE_PREVIEWS = YES;
				INFOPLIST_FILE = macOS/Info.plist;
				LD_RUNPATH_SEARCH_PATHS = (
					"$(inherited)",
					"@executable_path/../Frameworks",
				);
				MACOSX_DEPLOYMENT_TARGET = 11.0;
				MARKETING_VERSION = 0.1.5;
				PRODUCT_BUNDLE_IDENTIFIER = cz.cvut.fit.wrzecond.AgapeSongs;
				PRODUCT_NAME = AgapeSongs;
				SDKROOT = macosx;
				SWIFT_VERSION = 5.0;
			};
			name = Release;
		};
/* End XCBuildConfiguration section */

/* Begin XCConfigurationList section */
		269DA8AD2683747B009B9647 /* Build configuration list for PBXProject "AgapeSongs" */ = {
			isa = XCConfigurationList;
			buildConfigurations = (
				269DA8C82683747F009B9647 /* Debug */,
				269DA8C92683747F009B9647 /* Release */,
			);
			defaultConfigurationIsVisible = 0;
			defaultConfigurationName = Release;
		};
		269DA8CA2683747F009B9647 /* Build configuration list for PBXNativeTarget "AgapeSongs (iOS)" */ = {
			isa = XCConfigurationList;
			buildConfigurations = (
				269DA8CB2683747F009B9647 /* Debug */,
				269DA8CC2683747F009B9647 /* Release */,
			);
			defaultConfigurationIsVisible = 0;
			defaultConfigurationName = Release;
		};
		269DA8CD2683747F009B9647 /* Build configuration list for PBXNativeTarget "AgapeSongs (macOS)" */ = {
			isa = XCConfigurationList;
			buildConfigurations = (
				269DA8CE2683747F009B9647 /* Debug */,
				269DA8CF2683747F009B9647 /* Release */,
			);
			defaultConfigurationIsVisible = 0;
			defaultConfigurationName = Release;
		};
/* End XCConfigurationList section */
	};
	rootObject = 269DA8AA2683747B009B9647 /* Project object */;
}
